{
  "version": 4,
  "terraform_version": "1.12.2",
  "serial": 33,
  "lineage": "3d439106-0cd5-baf3-1036-8dc7cc88ba20",
  "outputs": {
    "resource_quota_function_arn": {
      "value": "arn:aws:lambda:us-east-1:122820966793:function:geras-resource-quota",
      "type": "string"
    }
  },
  "resources": [
    {
      "mode": "data",
      "type": "archive_file",
      "name": "lambda_config_layer",
      "provider": "provider[\"registry.terraform.io/hashicorp/archive\"]",
      "instances": [
        {
          "schema_version": 0,
          "attributes": {
            "exclude_symlink_directories": null,
            "excludes": null,
            "id": "f0b525bfd7104ec8ce37528384c9509fb2b0e08e",
            "output_base64sha256": "Dy/kdULGFVzp/YJ6jBgxx3HVGPR6I+U1RpIf1vbxf40=",
            "output_base64sha512": "pSN5yjpX44fm3z4v8K868hBLA5zJY16ML3TuABuVj0/nlzNWEIzWLxOAkdIFcQxbRs0ZxZ/XYUqiwelld/iKLQ==",
            "output_file_mode": null,
            "output_md5": "a15eb6ddb49540cf9533b9c8aae3bf29",
            "output_path": "./lambda-layer.zip",
            "output_sha": "f0b525bfd7104ec8ce37528384c9509fb2b0e08e",
            "output_sha256": "0f2fe47542c6155ce9fd827a8c1831c771d518f47a23e53546921fd6f6f17f8d",
            "output_sha512": "a52379ca3a57e387e6df3e2ff0af3af2104b039cc9635e8c2f74ee001b958f4fe7973356108cd62f138091d205710c5b46cd19c59fd7614aa2c1e96577f88a2d",
            "output_size": 398,
            "source": [],
            "source_content": null,
            "source_content_filename": null,
            "source_dir": "./../../../lambda-layer",
            "source_file": null,
            "type": "zip"
          },
          "sensitive_attributes": [],
          "identity_schema_version": 0
        }
      ]
    },
    {
      "mode": "data",
      "type": "aws_iam_policy",
      "name": "basic_exec",
      "provider": "provider[\"registry.terraform.io/hashicorp/aws\"]",
      "instances": [
        {
          "schema_version": 0,
          "attributes": {
            "arn": "arn:aws:iam::aws:policy/service-role/AWSLambdaBasicExecutionRole",
            "attachment_count": 0,
            "description": "Provides write permissions to CloudWatch Logs.",
            "id": "arn:aws:iam::aws:policy/service-role/AWSLambdaBasicExecutionRole",
            "name": "AWSLambdaBasicExecutionRole",
            "path": "/service-role/",
            "path_prefix": null,
            "policy": "{\n  \"Version\": \"2012-10-17\",\n  \"Statement\": [\n    {\n      \"Effect\": \"Allow\",\n      \"Action\": [\n        \"logs:CreateLogGroup\",\n        \"logs:CreateLogStream\",\n        \"logs:PutLogEvents\"\n      ],\n      \"Resource\": \"*\"\n    }\n  ]\n}",
            "policy_id": "ANPAJNCQGXC42545SKXIK",
            "tags": {}
          },
          "sensitive_attributes": [],
          "identity_schema_version": 0
        }
      ]
    },
    {
      "mode": "managed",
      "type": "aws_cloudwatch_event_rule",
      "name": "every_5m",
      "provider": "provider[\"registry.terraform.io/hashicorp/aws\"]",
      "instances": [
        {
          "schema_version": 1,
          "attributes": {
            "arn": "arn:aws:events:us-east-1:122820966793:rule/ResourceQuotaEveryFiveMinutes",
            "description": "",
            "event_bus_name": "default",
            "event_pattern": null,
            "force_destroy": false,
            "id": "ResourceQuotaEveryFiveMinutes",
            "is_enabled": true,
            "name": "ResourceQuotaEveryFiveMinutes",
            "name_prefix": "",
            "region": "us-east-1",
            "role_arn": "",
            "schedule_expression": "rate(5 minutes)",
            "state": "ENABLED",
            "tags": null,
            "tags_all": {}
          },
          "sensitive_attributes": [],
          "identity_schema_version": 0,
          "private": "eyJzY2hlbWFfdmVyc2lvbiI6IjEifQ=="
        }
      ]
    },
    {
      "mode": "managed",
      "type": "aws_cloudwatch_event_target",
      "name": "every_5m_target",
      "provider": "provider[\"registry.terraform.io/hashicorp/aws\"]",
      "instances": [
        {
          "schema_version": 1,
          "attributes": {
            "appsync_target": [],
            "arn": "arn:aws:lambda:us-east-1:122820966793:function:geras-resource-quota",
            "batch_target": [],
            "dead_letter_config": [],
            "ecs_target": [],
            "event_bus_name": "default",
            "force_destroy": false,
            "http_target": [],
            "id": "ResourceQuotaEveryFiveMinutes-terraform-20250709214347557600000001",
            "input": "",
            "input_path": "",
            "input_transformer": [],
            "kinesis_target": [],
            "redshift_target": [],
            "region": "us-east-1",
            "retry_policy": [],
            "role_arn": "",
            "rule": "ResourceQuotaEveryFiveMinutes",
            "run_command_targets": [],
            "sagemaker_pipeline_target": [],
            "sqs_target": [],
            "target_id": "terraform-20250709214347557600000001"
          },
          "sensitive_attributes": [],
          "identity_schema_version": 0,
          "private": "eyJzY2hlbWFfdmVyc2lvbiI6IjEifQ==",
          "dependencies": [
            "aws_cloudwatch_event_rule.every_5m",
            "aws_iam_role.lambda_exec",
            "aws_lambda_function.resource_quota",
            "aws_lambda_layer_version.config",
            "data.archive_file.lambda_config_layer"
          ]
        }
      ]
    },
    {
      "mode": "managed",
      "type": "aws_iam_role",
      "name": "lambda_exec",
      "provider": "provider[\"registry.terraform.io/hashicorp/aws\"]",
      "instances": [
        {
          "schema_version": 0,
          "attributes": {
            "arn": "arn:aws:iam::122820966793:role/resource_quota_lambda_exec",
            "assume_role_policy": "{\"Statement\":[{\"Action\":\"sts:AssumeRole\",\"Effect\":\"Allow\",\"Principal\":{\"Service\":\"lambda.amazonaws.com\"}}],\"Version\":\"2012-10-17\"}",
            "create_date": "2025-07-09T21:43:30Z",
            "description": "",
            "force_detach_policies": false,
            "id": "resource_quota_lambda_exec",
            "inline_policy": [],
            "managed_policy_arns": [],
            "max_session_duration": 3600,
            "name": "resource_quota_lambda_exec",
            "name_prefix": "",
            "path": "/",
            "permissions_boundary": "",
            "tags": null,
            "tags_all": {},
            "unique_id": "AROARZGFTHGETUONWVUZE"
          },
          "sensitive_attributes": [],
          "identity_schema_version": 0,
          "identity": {
            "account_id": "122820966793",
            "name": "resource_quota_lambda_exec"
          },
          "private": "bnVsbA=="
        }
      ]
    },
    {
      "mode": "managed",
      "type": "aws_iam_role_policy_attachment",
      "name": "attach_basic",
      "provider": "provider[\"registry.terraform.io/hashicorp/aws\"]",
      "instances": [
        {
          "schema_version": 0,
          "attributes": {
            "id": "resource_quota_lambda_exec/arn:aws:iam::aws:policy/service-role/AWSLambdaBasicExecutionRole",
            "policy_arn": "arn:aws:iam::aws:policy/service-role/AWSLambdaBasicExecutionRole",
            "role": "resource_quota_lambda_exec"
          },
          "sensitive_attributes": [],
          "identity_schema_version": 0,
          "identity": {
            "account_id": "122820966793",
            "policy_arn": "arn:aws:iam::aws:policy/service-role/AWSLambdaBasicExecutionRole",
            "role": "resource_quota_lambda_exec"
          },
          "private": "bnVsbA==",
          "dependencies": [
            "aws_iam_role.lambda_exec",
            "data.aws_iam_policy.basic_exec"
          ]
        }
      ]
    },
    {
      "mode": "managed",
      "type": "aws_lambda_function",
      "name": "resource_quota",
      "provider": "provider[\"registry.terraform.io/hashicorp/aws\"]",
      "instances": [
        {
          "schema_version": 0,
          "attributes": {
            "architectures": [
              "arm64"
            ],
            "arn": "arn:aws:lambda:us-east-1:122820966793:function:geras-resource-quota",
            "code_sha256": "VNtWoVmd6cnNZXMGCRqZ0wp/rjbnRPFUMOcWt2QbWAM=",
            "code_signing_config_arn": "",
            "dead_letter_config": [],
            "description": "",
            "environment": [
              {
                "variables": {
                  "CLOUDWATCH_LOG_GROUP": "/lambda/resource-quota/emf",
                  "HOME_REGION": "us-east-1",
                  "LAMBDA_LAYER_PATH": "/opt/config/config.json",
                  "LOG_LEVEL": "debug",
                  "METRIC_NAMESPACE": "Resource Quota Utilization",
                  "S3_BUCKET": "resource-quota-utilization-2025"
                }
              }
            ],
            "ephemeral_storage": [
              {
                "size": 512
              }
            ],
            "file_system_config": [],
            "filename": "./build/bootstrap.zip",
            "function_name": "geras-resource-quota",
            "handler": "bootstrap",
            "id": "geras-resource-quota",
            "image_config": [],
            "image_uri": "",
            "invoke_arn": "arn:aws:apigateway:us-east-1:lambda:path/2015-03-31/functions/arn:aws:lambda:us-east-1:122820966793:function:geras-resource-quota/invocations",
            "kms_key_arn": "",
            "last_modified": "2025-07-09T21:43:40.768+0000",
            "layers": [
              "arn:aws:lambda:us-east-1:122820966793:layer:resource-quota-config:5"
            ],
            "logging_config": [
              {
                "application_log_level": "",
                "log_format": "Text",
                "log_group": "/aws/lambda/geras-resource-quota",
                "system_log_level": ""
              }
            ],
            "memory_size": 128,
            "package_type": "Zip",
            "publish": false,
            "qualified_arn": "arn:aws:lambda:us-east-1:122820966793:function:geras-resource-quota:$LATEST",
            "qualified_invoke_arn": "arn:aws:apigateway:us-east-1:lambda:path/2015-03-31/functions/arn:aws:lambda:us-east-1:122820966793:function:geras-resource-quota:$LATEST/invocations",
            "region": "us-east-1",
            "replace_security_groups_on_destroy": null,
            "replacement_security_group_ids": null,
            "reserved_concurrent_executions": -1,
            "role": "arn:aws:iam::122820966793:role/resource_quota_lambda_exec",
            "runtime": "provided.al2",
            "s3_bucket": null,
            "s3_key": null,
            "s3_object_version": null,
            "signing_job_arn": "",
            "signing_profile_version_arn": "",
            "skip_destroy": false,
            "snap_start": [],
            "source_code_hash": "",
            "source_code_size": 23715169,
            "tags": null,
            "tags_all": {},
            "timeout": 900,
            "timeouts": null,
            "tracing_config": [
              {
                "mode": "PassThrough"
              }
            ],
            "version": "$LATEST",
            "vpc_config": []
          },
          "sensitive_attributes": [],
          "identity_schema_version": 0,
          "private": "eyJlMmJmYjczMC1lY2FhLTExZTYtOGY4OC0zNDM2M2JjN2M0YzAiOnsiY3JlYXRlIjo2MDAwMDAwMDAwMDAsImRlbGV0ZSI6NjAwMDAwMDAwMDAwLCJ1cGRhdGUiOjYwMDAwMDAwMDAwMH19",
          "dependencies": [
            "aws_iam_role.lambda_exec",
            "aws_lambda_layer_version.config",
            "data.archive_file.lambda_config_layer"
          ]
        }
      ]
    },
    {
      "mode": "managed",
      "type": "aws_lambda_layer_version",
      "name": "config",
      "provider": "provider[\"registry.terraform.io/hashicorp/aws\"]",
      "instances": [
        {
          "schema_version": 0,
          "attributes": {
            "arn": "arn:aws:lambda:us-east-1:122820966793:layer:resource-quota-config:5",
            "code_sha256": "Dy/kdULGFVzp/YJ6jBgxx3HVGPR6I+U1RpIf1vbxf40=",
            "compatible_architectures": [
              "arm64"
            ],
            "compatible_runtimes": [
              "provided.al2023"
            ],
            "created_date": "2025-07-09T21:43:34.010+0000",
            "description": "Configuration for resource quota utilization",
            "filename": "./lambda-layer.zip",
            "id": "arn:aws:lambda:us-east-1:122820966793:layer:resource-quota-config:5",
            "layer_arn": "arn:aws:lambda:us-east-1:122820966793:layer:resource-quota-config",
            "layer_name": "resource-quota-config",
            "license_info": "",
            "region": "us-east-1",
            "s3_bucket": null,
            "s3_key": null,
            "s3_object_version": null,
            "signing_job_arn": "",
            "signing_profile_version_arn": "",
            "skip_destroy": false,
            "source_code_hash": "",
            "source_code_size": 398,
            "version": "5"
          },
          "sensitive_attributes": [],
          "identity_schema_version": 0,
          "private": "bnVsbA==",
          "dependencies": [
            "data.archive_file.lambda_config_layer"
          ]
        }
      ]
    },
    {
      "mode": "managed",
      "type": "aws_lambda_permission",
      "name": "allow_event",
      "provider": "provider[\"registry.terraform.io/hashicorp/aws\"]",
      "instances": [
        {
          "schema_version": 0,
          "attributes": {
            "action": "lambda:InvokeFunction",
            "event_source_token": null,
            "function_name": "geras-resource-quota",
            "function_url_auth_type": null,
            "id": "AllowExecutionFromEvents",
            "principal": "events.amazonaws.com",
            "principal_org_id": null,
            "qualifier": "",
            "region": "us-east-1",
            "source_account": null,
            "source_arn": "arn:aws:events:us-east-1:122820966793:rule/ResourceQuotaEveryFiveMinutes",
            "statement_id": "AllowExecutionFromEvents",
            "statement_id_prefix": ""
          },
          "sensitive_attributes": [],
          "identity_schema_version": 0,
          "private": "bnVsbA==",
          "dependencies": [
            "aws_cloudwatch_event_rule.every_5m",
            "aws_iam_role.lambda_exec",
            "aws_lambda_function.resource_quota",
            "aws_lambda_layer_version.config",
            "data.archive_file.lambda_config_layer"
          ]
        }
      ]
    }
  ],
  "check_results": null
}
